// !$*UTF8*$!
{
	archiveVersion = 1;
	classes = {
	};
	objectVersion = 77;
	objects = {

/* Begin PBXBuildFile section */
		041450E2866996B225A35323 /* Typography.swift in Sources */ = {isa = PBXBuildFile; fileRef = A12BE9B7FC3E12658EBF8BA6 /* Typography.swift */; };
		04C58489DBA3E4BFFD5351E4 /* Glass.swift in Sources */ = {isa = PBXBuildFile; fileRef = 7702795829A5ABB75729E310 /* Glass.swift */; };
		1C06890EB8B750DA6C3EB7A8 /* CourseProgressStore.swift in Sources */ = {isa = PBXBuildFile; fileRef = 25A39B04AD33C68F2EEC1EB2 /* CourseProgressStore.swift */; };
		23E6837096744F2101283969 /* empty.webp in Resources */ = {isa = PBXBuildFile; fileRef = CEA73CE363D55D87924D64F4 /* empty.webp */; };
		2D8228413E715D2CA5BD23A5 /* TodayView.swift in Sources */ = {isa = PBXBuildFile; fileRef = 0867EC7118FCB35AE3C9028E /* TodayView.swift */; };
		44B8C4456407179C239F8054 /* HabitStore.swift in Sources */ = {isa = PBXBuildFile; fileRef = 795F7DDC99A8BAAB0B8335A5 /* HabitStore.swift */; };
		4B82778E6A2032DE544806F7 /* Components.swift in Sources */ = {isa = PBXBuildFile; fileRef = 44DDA2D43A556F2895D50C30 /* Components.swift */; };
		4BEDDAAD63E2B62E2720B429 /* JazzChordsApp.swift in Sources */ = {isa = PBXBuildFile; fileRef = C685670A09A9D9D041427E06 /* JazzChordsApp.swift */; };
		56DD437D723F0218EB5129F6 /* PitchDetectors.swift in Sources */ = {isa = PBXBuildFile; fileRef = 3B6FA6254D4E1B61B168536F /* PitchDetectors.swift */; };
		644B66D66331A179320C49E2 /* MusicEngine in Frameworks */ = {isa = PBXBuildFile; productRef = 4CC84F324CEA516CFA5C2507 /* MusicEngine */; };
		80415604BDCF56D50030180C /* Theme.swift in Sources */ = {isa = PBXBuildFile; fileRef = 3205430E7105BBD412ED8C3D /* Theme.swift */; };
		88D58423DACC1568F0D058F3 /* MIDIInput.swift in Sources */ = {isa = PBXBuildFile; fileRef = 364C8A44BBA14E3CF00848DF /* MIDIInput.swift */; };
		8B783711BA8940D4A03FBE89 /* Assets.xcassets in Resources */ = {isa = PBXBuildFile; fileRef = EA814142A1EAB3935C084DB7 /* Assets.xcassets */; };
		8F862844F36AA90408308D72 /* Gamification.swift in Sources */ = {isa = PBXBuildFile; fileRef = 905F024385A02CD6F8F28136 /* Gamification.swift */; };
		92A76D9E6EE519F76C662164 /* Persistence.swift in Sources */ = {isa = PBXBuildFile; fileRef = 558859E350F645BD0FB4B81E /* Persistence.swift */; };
		94FB28CC1E73FE89320A76DC /* LessonPlayerView.swift in Sources */ = {isa = PBXBuildFile; fileRef = F49CCEAB4ABDEE063F34A7A3 /* LessonPlayerView.swift */; };
		9A7DCD5EF00F0352F62707ED /* PianoKeyboard.swift in Sources */ = {isa = PBXBuildFile; fileRef = 2F7F25705BD53104D4AC335C /* PianoKeyboard.swift */; };
		A062354894811309A09CFBE8 /* TrainerStore.swift in Sources */ = {isa = PBXBuildFile; fileRef = 7B56736703494CD04E7B1D17 /* TrainerStore.swift */; };
		A3D6EDFBE9642870EF5B9739 /* SpaceGrotesk-Medium.ttf in Resources */ = {isa = PBXBuildFile; fileRef = B76EAB57089F453D8001EA9C /* SpaceGrotesk-Medium.ttf */; };
		A6999155E26580513FD8D700 /* RootView.swift in Sources */ = {isa = PBXBuildFile; fileRef = 0DD8D24429AD88D4ED75C2AE /* RootView.swift */; };
		A9043E1CE9AE95E00FE75C25 /* ProgressView_.swift in Sources */ = {isa = PBXBuildFile; fileRef = CD62E7DE3E07CE80A8E3C677 /* ProgressView_.swift */; };
		B10E5BD29AA3FB6F57933192 /* OnboardingView.swift in Sources */ = {isa = PBXBuildFile; fileRef = C022B402A4004283821D49C9 /* OnboardingView.swift */; };
		BF3E706C3D4C6FC323CE8299 /* hero2.webp in Resources */ = {isa = PBXBuildFile; fileRef = 32B429969FAC364D67B4C639 /* hero2.webp */; };
		C1B65C3383F51906621CFFA8 /* SpaceGrotesk-SemiBold.ttf in Resources */ = {isa = PBXBuildFile; fileRef = CA78E9CF43C91692A7405A8B /* SpaceGrotesk-SemiBold.ttf */; };
		C3193AA23C8409A7CF9D0D10 /* AppIcons.swift in Sources */ = {isa = PBXBuildFile; fileRef = 3C3E965AC4FC3825ACC4C530 /* AppIcons.swift */; };
		CF3AB4879000DF328D238148 /* Metronome.swift in Sources */ = {isa = PBXBuildFile; fileRef = 9FC2B860DE316E7E340620B8 /* Metronome.swift */; };
		D550AB6E3B5C7E16F2A7D126 /* MicInput.swift in Sources */ = {isa = PBXBuildFile; fileRef = FDACE9F657B8CFF1C4FF3805 /* MicInput.swift */; };
		D799B5D282BD138BF018ECF9 /* LearnView.swift in Sources */ = {isa = PBXBuildFile; fileRef = A447E61D3336037E3D5865BD /* LearnView.swift */; };
		DD397501BA7493EC394C6D2D /* AudioEngine.swift in Sources */ = {isa = PBXBuildFile; fileRef = C107A882B6475FA011F238FB /* AudioEngine.swift */; };
		E9BF5CA9279A55756541DB0C /* SpaceGrotesk-Bold.ttf in Resources */ = {isa = PBXBuildFile; fileRef = A041364050AAC6848F00EB4A /* SpaceGrotesk-Bold.ttf */; };
		ED8216D853408C458EDD0F00 /* SettingsView.swift in Sources */ = {isa = PBXBuildFile; fileRef = F2AE191D85096C087E5C4054 /* SettingsView.swift */; };
		F662935F15E14DE990D05F1A /* TrainerView.swift in Sources */ = {isa = PBXBuildFile; fileRef = AFCB9663547D5A0E3BF66245 /* TrainerView.swift */; };
		F6EAE635A98CC73651B35F0D /* PracticeView.swift in Sources */ = {isa = PBXBuildFile; fileRef = 54717B1DDBDAA0F4A8CB29C6 /* PracticeView.swift */; };
/* End PBXBuildFile section */

/* Begin PBXFileReference section */
		0867EC7118FCB35AE3C9028E /* TodayView.swift */ = {isa = PBXFileReference; lastKnownFileType = sourcecode.swift; path = TodayView.swift; sourceTree = "<group>"; };
		0DD8D24429AD88D4ED75C2AE /* RootView.swift */ = {isa = PBXFileReference; lastKnownFileType = sourcecode.swift; path = RootView.swift; sourceTree = "<group>"; };
		25A39B04AD33C68F2EEC1EB2 /* CourseProgressStore.swift */ = {isa = PBXFileReference; lastKnownFileType = sourcecode.swift; path = CourseProgressStore.swift; sourceTree = "<group>"; };
		2F7F25705BD53104D4AC335C /* PianoKeyboard.swift */ = {isa = PBXFileReference; lastKnownFileType = sourcecode.swift; path = PianoKeyboard.swift; sourceTree = "<group>"; };
		3205430E7105BBD412ED8C3D /* Theme.swift */ = {isa = PBXFileReference; lastKnownFileType = sourcecode.swift; path = Theme.swift; sourceTree = "<group>"; };
		32B429969FAC364D67B4C639 /* hero2.webp */ = {isa = PBXFileReference; path = hero2.webp; sourceTree = "<group>"; };
		364C8A44BBA14E3CF00848DF /* MIDIInput.swift */ = {isa = PBXFileReference; lastKnownFileType = sourcecode.swift; path = MIDIInput.swift; sourceTree = "<group>"; };
		369DE4A76420DD27F9178626 /* Info.plist */ = {isa = PBXFileReference; lastKnownFileType = text.plist; path = Info.plist; sourceTree = "<group>"; };
		3B6FA6254D4E1B61B168536F /* PitchDetectors.swift */ = {isa = PBXFileReference; lastKnownFileType = sourcecode.swift; path = PitchDetectors.swift; sourceTree = "<group>"; };
		3C3E965AC4FC3825ACC4C530 /* AppIcons.swift */ = {isa = PBXFileReference; lastKnownFileType = sourcecode.swift; path = AppIcons.swift; sourceTree = "<group>"; };
		44DDA2D43A556F2895D50C30 /* Components.swift */ = {isa = PBXFileReference; lastKnownFileType = sourcecode.swift; path = Components.swift; sourceTree = "<group>"; };
		54717B1DDBDAA0F4A8CB29C6 /* PracticeView.swift */ = {isa = PBXFileReference; lastKnownFileType = sourcecode.swift; path = PracticeView.swift; sourceTree = "<group>"; };
		558859E350F645BD0FB4B81E /* Persistence.swift */ = {isa = PBXFileReference; lastKnownFileType = sourcecode.swift; path = Persistence.swift; sourceTree = "<group>"; };
		5A6FFC23232BA8E2500B99EF /* JazzChords.app */ = {isa = PBXFileReference; includeInIndex = 0; lastKnownFileType = wrapper.application; path = JazzChords.app; sourceTree = BUILT_PRODUCTS_DIR; };
		7702795829A5ABB75729E310 /* Glass.swift */ = {isa = PBXFileReference; lastKnownFileType = sourcecode.swift; path = Glass.swift; sourceTree = "<group>"; };
		795F7DDC99A8BAAB0B8335A5 /* HabitStore.swift */ = {isa = PBXFileReference; lastKnownFileType = sourcecode.swift; path = HabitStore.swift; sourceTree = "<group>"; };
		7B56736703494CD04E7B1D17 /* TrainerStore.swift */ = {isa = PBXFileReference; lastKnownFileType = sourcecode.swift; path = TrainerStore.swift; sourceTree = "<group>"; };
		905F024385A02CD6F8F28136 /* Gamification.swift */ = {isa = PBXFileReference; lastKnownFileType = sourcecode.swift; path = Gamification.swift; sourceTree = "<group>"; };
		9FC2B860DE316E7E340620B8 /* Metronome.swift */ = {isa = PBXFileReference; lastKnownFileType = sourcecode.swift; path = Metronome.swift; sourceTree = "<group>"; };
		A041364050AAC6848F00EB4A /* SpaceGrotesk-Bold.ttf */ = {isa = PBXFileReference; lastKnownFileType = file; path = "SpaceGrotesk-Bold.ttf"; sourceTree = "<group>"; };
		A12BE9B7FC3E12658EBF8BA6 /* Typography.swift */ = {isa = PBXFileReference; lastKnownFileType = sourcecode.swift; path = Typography.swift; sourceTree = "<group>"; };
		A447E61D3336037E3D5865BD /* LearnView.swift */ = {isa = PBXFileReference; lastKnownFileType = sourcecode.swift; path = LearnView.swift; sourceTree = "<group>"; };
		AFCB9663547D5A0E3BF66245 /* TrainerView.swift */ = {isa = PBXFileReference; lastKnownFileType = sourcecode.swift; path = TrainerView.swift; sourceTree = "<group>"; };
		B76EAB57089F453D8001EA9C /* SpaceGrotesk-Medium.ttf */ = {isa = PBXFileReference; lastKnownFileType = file; path = "SpaceGrotesk-Medium.ttf"; sourceTree = "<group>"; };
		C022B402A4004283821D49C9 /* OnboardingView.swift */ = {isa = PBXFileReference; lastKnownFileType = sourcecode.swift; path = OnboardingView.swift; sourceTree = "<group>"; };
		C107A882B6475FA011F238FB /* AudioEngine.swift */ = {isa = PBXFileReference; lastKnownFileType = sourcecode.swift; path = AudioEngine.swift; sourceTree = "<group>"; };
		C685670A09A9D9D041427E06 /* JazzChordsApp.swift */ = {isa = PBXFileReference; lastKnownFileType = sourcecode.swift; path = JazzChordsApp.swift; sourceTree = "<group>"; };
		CA78E9CF43C91692A7405A8B /* SpaceGrotesk-SemiBold.ttf */ = {isa = PBXFileReference; lastKnownFileType = file; path = "SpaceGrotesk-SemiBold.ttf"; sourceTree = "<group>"; };
		CD62E7DE3E07CE80A8E3C677 /* ProgressView_.swift */ = {isa = PBXFileReference; lastKnownFileType = sourcecode.swift; path = ProgressView_.swift; sourceTree = "<group>"; };
		CEA73CE363D55D87924D64F4 /* empty.webp */ = {isa = PBXFileReference; path = empty.webp; sourceTree = "<group>"; };
		EA814142A1EAB3935C084DB7 /* Assets.xcassets */ = {isa = PBXFileReference; lastKnownFileType = folder.assetcatalog; path = Assets.xcassets; sourceTree = "<group>"; };
		F2AE191D85096C087E5C4054 /* SettingsView.swift */ = {isa = PBXFileReference; lastKnownFileType = sourcecode.swift; path = SettingsView.swift; sourceTree = "<group>"; };
		F49CCEAB4ABDEE063F34A7A3 /* LessonPlayerView.swift */ = {isa = PBXFileReference; lastKnownFileType = sourcecode.swift; path = LessonPlayerView.swift; sourceTree = "<group>"; };
		F7FEDEE711344352652D8123 /* MusicEngine */ = {isa = PBXFileReference; lastKnownFileType = folder; name = MusicEngine; path = ../MusicEngine; sourceTree = SOURCE_ROOT; };
		FDACE9F657B8CFF1C4FF3805 /* MicInput.swift */ = {isa = PBXFileReference; lastKnownFileType = sourcecode.swift; path = MicInput.swift; sourceTree = "<group>"; };
/* End PBXFileReference section */

/* Begin PBXFrameworksBuildPhase section */
		174E3814CF7B2FE1B324A840 /* Frameworks */ = {
			isa = PBXFrameworksBuildPhase;
			buildActionMask = 2147483647;
			files = (
				644B66D66331A179320C49E2 /* MusicEngine in Frameworks */,
			);
			runOnlyForDeploymentPostprocessing = 0;
		};
/* End PBXFrameworksBuildPhase section */

/* Begin PBXGroup section */
		16EE6E81F745CA2F351B35F8 /* JazzChords */ = {
			isa = PBXGroup;
			children = (
				369DE4A76420DD27F9178626 /* Info.plist */,
				A365A17123F59E42DF34E6CF /* App */,
				433D98590D8E055795DAF72A /* Audio */,
				9DFBB2EAF145FD67EFE58FCA /* Resources */,
				2C99DD2E23C7FCA38EFF5F6F /* Store */,
				6B3B96934DC968D3D152BFAC /* Theme */,
				91CFA51D27D81C11A888DEE7 /* Views */,
			);
			path = JazzChords;
			sourceTree = "<group>";
		};
		292138CC8484E35853344A59 /* Products */ = {
			isa = PBXGroup;
			children = (
				5A6FFC23232BA8E2500B99EF /* JazzChords.app */,
			);
			name = Products;
			sourceTree = "<group>";
		};
		2C99DD2E23C7FCA38EFF5F6F /* Store */ = {
			isa = PBXGroup;
			children = (
				25A39B04AD33C68F2EEC1EB2 /* CourseProgressStore.swift */,
				795F7DDC99A8BAAB0B8335A5 /* HabitStore.swift */,
				558859E350F645BD0FB4B81E /* Persistence.swift */,
				7B56736703494CD04E7B1D17 /* TrainerStore.swift */,
			);
			path = Store;
			sourceTree = "<group>";
		};
		433D98590D8E055795DAF72A /* Audio */ = {
			isa = PBXGroup;
			children = (
				C107A882B6475FA011F238FB /* AudioEngine.swift */,
				9FC2B860DE316E7E340620B8 /* Metronome.swift */,
				FDACE9F657B8CFF1C4FF3805 /* MicInput.swift */,
				364C8A44BBA14E3CF00848DF /* MIDIInput.swift */,
				3B6FA6254D4E1B61B168536F /* PitchDetectors.swift */,
			);
			path = Audio;
			sourceTree = "<group>";
		};
		6B3B96934DC968D3D152BFAC /* Theme */ = {
			isa = PBXGroup;
			children = (
				3C3E965AC4FC3825ACC4C530 /* AppIcons.swift */,
				3205430E7105BBD412ED8C3D /* Theme.swift */,
				A12BE9B7FC3E12658EBF8BA6 /* Typography.swift */,
			);
			path = Theme;
			sourceTree = "<group>";
		};
		7E588BF82FF19B8E0CD0896B /* Packages */ = {
			isa = PBXGroup;
			children = (
				F7FEDEE711344352652D8123 /* MusicEngine */,
			);
			name = Packages;
			sourceTree = "<group>";
		};
		841D636F2248E39F63DB2E2E /* Art */ = {
			isa = PBXGroup;
			children = (
				CEA73CE363D55D87924D64F4 /* empty.webp */,
				32B429969FAC364D67B4C639 /* hero2.webp */,
			);
			path = Art;
			sourceTree = "<group>";
		};
		8F19B4D6E633926A39077232 /* Fonts */ = {
			isa = PBXGroup;
			children = (
				A041364050AAC6848F00EB4A /* SpaceGrotesk-Bold.ttf */,
				B76EAB57089F453D8001EA9C /* SpaceGrotesk-Medium.ttf */,
				CA78E9CF43C91692A7405A8B /* SpaceGrotesk-SemiBold.ttf */,
			);
			path = Fonts;
			sourceTree = "<group>";
		};
		91CFA51D27D81C11A888DEE7 /* Views */ = {
			isa = PBXGroup;
			children = (
				44DDA2D43A556F2895D50C30 /* Components.swift */,
				905F024385A02CD6F8F28136 /* Gamification.swift */,
				7702795829A5ABB75729E310 /* Glass.swift */,
				A447E61D3336037E3D5865BD /* LearnView.swift */,
				F49CCEAB4ABDEE063F34A7A3 /* LessonPlayerView.swift */,
				C022B402A4004283821D49C9 /* OnboardingView.swift */,
				2F7F25705BD53104D4AC335C /* PianoKeyboard.swift */,
				54717B1DDBDAA0F4A8CB29C6 /* PracticeView.swift */,
				CD62E7DE3E07CE80A8E3C677 /* ProgressView_.swift */,
				F2AE191D85096C087E5C4054 /* SettingsView.swift */,
				0867EC7118FCB35AE3C9028E /* TodayView.swift */,
				AFCB9663547D5A0E3BF66245 /* TrainerView.swift */,
			);
			path = Views;
			sourceTree = "<group>";
		};
		9DFBB2EAF145FD67EFE58FCA /* Resources */ = {
			isa = PBXGroup;
			children = (
				EA814142A1EAB3935C084DB7 /* Assets.xcassets */,
				841D636F2248E39F63DB2E2E /* Art */,
				8F19B4D6E633926A39077232 /* Fonts */,
			);
			path = Resources;
			sourceTree = "<group>";
		};
		A365A17123F59E42DF34E6CF /* App */ = {
			isa = PBXGroup;
			children = (
				C685670A09A9D9D041427E06 /* JazzChordsApp.swift */,
				0DD8D24429AD88D4ED75C2AE /* RootView.swift */,
			);
			path = App;
			sourceTree = "<group>";
		};
		B81378DCEBCC2DE1C32A9FAF = {
			isa = PBXGroup;
			children = (
				16EE6E81F745CA2F351B35F8 /* JazzChords */,
				7E588BF82FF19B8E0CD0896B /* Packages */,
				292138CC8484E35853344A59 /* Products */,
			);
			sourceTree = "<group>";
		};
/* End PBXGroup section */

/* Begin PBXNativeTarget section */
		F3CD4A21DB694FBD2D863186 /* JazzChords */ = {
			isa = PBXNativeTarget;
			buildConfigurationList = E620BC6CFAB77F58B62601F5 /* Build configuration list for PBXNativeTarget "JazzChords" */;
			buildPhases = (
				489CD6A2989BA5448DA49496 /* Sources */,
				EB517EE3C800672111ECED09 /* Resources */,
				174E3814CF7B2FE1B324A840 /* Frameworks */,
			);
			buildRules = (
			);
			dependencies = (
			);
			name = JazzChords;
			packageProductDependencies = (
				4CC84F324CEA516CFA5C2507 /* MusicEngine */,
			);
			productName = JazzChords;
			productReference = 5A6FFC23232BA8E2500B99EF /* JazzChords.app */;
			productType = "com.apple.product-type.application";
		};
/* End PBXNativeTarget section */

/* Begin PBXProject section */
		B73452EA2BD5E8C854D63795 /* Project object */ = {
			isa = PBXProject;
			attributes = {
				BuildIndependentTargetsInParallel = YES;
				LastUpgradeCheck = 1430;
				TargetAttributes = {
					F3CD4A21DB694FBD2D863186 = {
						DevelopmentTeam = 3YB2KJCCHV;
						ProvisioningStyle = Automatic;
					};
				};
			};
			buildConfigurationList = B3C4F8DD3A95619ABB488C66 /* Build configuration list for PBXProject "JazzChords" */;
			developmentRegion = en;
			hasScannedForEncodings = 0;
			knownRegions = (
				Base,
				en,
			);
			mainGroup = B81378DCEBCC2DE1C32A9FAF;
			minimizedProjectReferenceProxies = 1;
			packageReferences = (
				DC2679E7A1B6F407724C1C95 /* XCLocalSwiftPackageReference "../MusicEngine" */,
			);
			preferredProjectObjectVersion = 77;
			productRefGroup = 292138CC8484E35853344A59 /* Products */;
			projectDirPath = "";
			projectRoot = "";
			targets = (
				F3CD4A21DB694FBD2D863186 /* JazzChords */,
			);
		};
/* End PBXProject section */

/* Begin PBXResourcesBuildPhase section */
		EB517EE3C800672111ECED09 /* Resources */ = {
			isa = PBXResourcesBuildPhase;
			buildActionMask = 2147483647;
			files = (
				8B783711BA8940D4A03FBE89 /* Assets.xcassets in Resources */,
				E9BF5CA9279A55756541DB0C /* SpaceGrotesk-Bold.ttf in Resources */,
				A3D6EDFBE9642870EF5B9739 /* SpaceGrotesk-Medium.ttf in Resources */,
				C1B65C3383F51906621CFFA8 /* SpaceGrotesk-SemiBold.ttf in Resources */,
				23E6837096744F2101283969 /* empty.webp in Resources */,
				BF3E706C3D4C6FC323CE8299 /* hero2.webp in Resources */,
			);
			runOnlyForDeploymentPostprocessing = 0;
		};
/* End PBXResourcesBuildPhase section */

/* Begin PBXSourcesBuildPhase section */
		489CD6A2989BA5448DA49496 /* Sources */ = {
			isa = PBXSourcesBuildPhase;
			buildActionMask = 2147483647;
			files = (
				C3193AA23C8409A7CF9D0D10 /* AppIcons.swift in Sources */,
				DD397501BA7493EC394C6D2D /* AudioEngine.swift in Sources */,
				4B82778E6A2032DE544806F7 /* Components.swift in Sources */,
				1C06890EB8B750DA6C3EB7A8 /* CourseProgressStore.swift in Sources */,
				8F862844F36AA90408308D72 /* Gamification.swift in Sources */,
				04C58489DBA3E4BFFD5351E4 /* Glass.swift in Sources */,
				44B8C4456407179C239F8054 /* HabitStore.swift in Sources */,
				4BEDDAAD63E2B62E2720B429 /* JazzChordsApp.swift in Sources */,
				D799B5D282BD138BF018ECF9 /* LearnView.swift in Sources */,
				94FB28CC1E73FE89320A76DC /* LessonPlayerView.swift in Sources */,
				88D58423DACC1568F0D058F3 /* MIDIInput.swift in Sources */,
				CF3AB4879000DF328D238148 /* Metronome.swift in Sources */,
				D550AB6E3B5C7E16F2A7D126 /* MicInput.swift in Sources */,
				B10E5BD29AA3FB6F57933192 /* OnboardingView.swift in Sources */,
				92A76D9E6EE519F76C662164 /* Persistence.swift in Sources */,
				9A7DCD5EF00F0352F62707ED /* PianoKeyboard.swift in Sources */,
				56DD437D723F0218EB5129F6 /* PitchDetectors.swift in Sources */,
				F6EAE635A98CC73651B35F0D /* PracticeView.swift in Sources */,
				A9043E1CE9AE95E00FE75C25 /* ProgressView_.swift in Sources */,
				A6999155E26580513FD8D700 /* RootView.swift in Sources */,
				ED8216D853408C458EDD0F00 /* SettingsView.swift in Sources */,
				80415604BDCF56D50030180C /* Theme.swift in Sources */,
				2D8228413E715D2CA5BD23A5 /* TodayView.swift in Sources */,
				A062354894811309A09CFBE8 /* TrainerStore.swift in Sources */,
				F662935F15E14DE990D05F1A /* TrainerView.swift in Sources */,
				041450E2866996B225A35323 /* Typography.swift in Sources */,
			);
			runOnlyForDeploymentPostprocessing = 0;
		};
/* End PBXSourcesBuildPhase section */

/* Begin XCBuildConfiguration section */
		140060480DA4E7AA7F98B0EA /* Release */ = {
			isa = XCBuildConfiguration;
			buildSettings = {
				ASSETCATALOG_COMPILER_APPICON_NAME = AppIcon;
				CODE_SIGN_IDENTITY = "iPhone Developer";
				CODE_SIGN_STYLE = Automatic;
				CURRENT_PROJECT_VERSION = 1;
				DEVELOPMENT_TEAM = 3YB2KJCCHV;
				ENABLE_USER_SCRIPT_SANDBOXING = YES;
				INFOPLIST_FILE = JazzChords/Info.plist;
				IPHONEOS_DEPLOYMENT_TARGET = 17.0;
				LD_RUNPATH_SEARCH_PATHS = (
					"$(inherited)",
					"@executable_path/Frameworks",
				);
				MARKETING_VERSION = 0.1.0;
				PRODUCT_BUNDLE_IDENTIFIER = app.jazzchords.trainer;
				SDKROOT = iphoneos;
				SWIFT_VERSION = 6.0;
				TARGETED_DEVICE_FAMILY = "1,2";
			};
			name = Release;
		};
		7F92A4F62AF61E1B7F8CDE9E /* Release */ = {
			isa = XCBuildConfiguration;
			buildSettings = {
				ALWAYS_SEARCH_USER_PATHS = NO;
				CLANG_ANALYZER_NONNULL = YES;
				CLANG_ANALYZER_NUMBER_OBJECT_CONVERSION = YES_AGGRESSIVE;
				CLANG_CXX_LANGUAGE_STANDARD = "gnu++14";
				CLANG_CXX_LIBRARY = "libc++";
				CLANG_ENABLE_MODULES = YES;
				CLANG_ENABLE_OBJC_ARC = YES;
				CLANG_ENABLE_OBJC_WEAK = YES;
				CLANG_WARN_BLOCK_CAPTURE_AUTORELEASING = YES;
				CLANG_WARN_BOOL_CONVERSION = YES;
				CLANG_WARN_COMMA = YES;
				CLANG_WARN_CONSTANT_CONVERSION = YES;
				CLANG_WARN_DEPRECATED_OBJC_IMPLEMENTATIONS = YES;
				CLANG_WARN_DIRECT_OBJC_ISA_USAGE = YES_ERROR;
				CLANG_WARN_DOCUMENTATION_COMMENTS = YES;
				CLANG_WARN_EMPTY_BODY = YES;
				CLANG_WARN_ENUM_CONVERSION = YES;
				CLANG_WARN_INFINITE_RECURSION = YES;
				CLANG_WARN_INT_CONVERSION = YES;
				CLANG_WARN_NON_LITERAL_NULL_CONVERSION = YES;
				CLANG_WARN_OBJC_IMPLICIT_RETAIN_SELF = YES;
				CLANG_WARN_OBJC_LITERAL_CONVERSION = YES;
				CLANG_WARN_OBJC_ROOT_CLASS = YES_ERROR;
				CLANG_WARN_QUOTED_INCLUDE_IN_FRAMEWORK_HEADER = YES;
				CLANG_WARN_RANGE_LOOP_ANALYSIS = YES;
				CLANG_WARN_STRICT_PROTOTYPES = YES;
				CLANG_WARN_SUSPICIOUS_MOVE = YES;
				CLANG_WARN_UNGUARDED_AVAILABILITY = YES_AGGRESSIVE;
				CLANG_WARN_UNREACHABLE_CODE = YES;
				CLANG_WARN__DUPLICATE_METHOD_MATCH = YES;
				COPY_PHASE_STRIP = NO;
				DEBUG_INFORMATION_FORMAT = "dwarf-with-dsym";
				ENABLE_NS_ASSERTIONS = NO;
				ENABLE_STRICT_OBJC_MSGSEND = YES;
				GCC_C_LANGUAGE_STANDARD = gnu11;
				GCC_NO_COMMON_BLOCKS = YES;
				GCC_WARN_64_TO_32_BIT_CONVERSION = YES;
				GCC_WARN_ABOUT_RETURN_TYPE = YES_ERROR;
				GCC_WARN_UNDECLARED_SELECTOR = YES;
				GCC_WARN_UNINITIALIZED_AUTOS = YES_AGGRESSIVE;
				GCC_WARN_UNUSED_FUNCTION = YES;
				GCC_WARN_UNUSED_VARIABLE = YES;
				IPHONEOS_DEPLOYMENT_TARGET = 17.0;
				MTL_ENABLE_DEBUG_INFO = NO;
				MTL_FAST_MATH = YES;
				PRODUCT_NAME = "$(TARGET_NAME)";
				SDKROOT = iphoneos;
				SWIFT_COMPILATION_MODE = wholemodule;
				SWIFT_OPTIMIZATION_LEVEL = "-O";
				SWIFT_VERSION = 5.0;
			};
			name = Release;
		};
		988AFF2E5F3746A6E451A884 /* Debug */ = {
			isa = XCBuildConfiguration;
			buildSettings = {
				ALWAYS_SEARCH_USER_PATHS = NO;
				CLANG_ANALYZER_NONNULL = YES;
				CLANG_ANALYZER_NUMBER_OBJECT_CONVERSION = YES_AGGRESSIVE;
				CLANG_CXX_LANGUAGE_STANDARD = "gnu++14";
				CLANG_CXX_LIBRARY = "libc++";
				CLANG_ENABLE_MODULES = YES;
				CLANG_ENABLE_OBJC_ARC = YES;
				CLANG_ENABLE_OBJC_WEAK = YES;
				CLANG_WARN_BLOCK_CAPTURE_AUTORELEASING = YES;
				CLANG_WARN_BOOL_CONVERSION = YES;
				CLANG_WARN_COMMA = YES;
				CLANG_WARN_CONSTANT_CONVERSION = YES;
				CLANG_WARN_DEPRECATED_OBJC_IMPLEMENTATIONS = YES;
				CLANG_WARN_DIRECT_OBJC_ISA_USAGE = YES_ERROR;
				CLANG_WARN_DOCUMENTATION_COMMENTS = YES;
				CLANG_WARN_EMPTY_BODY = YES;
				CLANG_WARN_ENUM_CONVERSION = YES;
				CLANG_WARN_INFINITE_RECURSION = YES;
				CLANG_WARN_INT_CONVERSION = YES;
				CLANG_WARN_NON_LITERAL_NULL_CONVERSION = YES;
				CLANG_WARN_OBJC_IMPLICIT_RETAIN_SELF = YES;
				CLANG_WARN_OBJC_LITERAL_CONVERSION = YES;
				CLANG_WARN_OBJC_ROOT_CLASS = YES_ERROR;
				CLANG_WARN_QUOTED_INCLUDE_IN_FRAMEWORK_HEADER = YES;
				CLANG_WARN_RANGE_LOOP_ANALYSIS = YES;
				CLANG_WARN_STRICT_PROTOTYPES = YES;
				CLANG_WARN_SUSPICIOUS_MOVE = YES;
				CLANG_WARN_UNGUARDED_AVAILABILITY = YES_AGGRESSIVE;
				CLANG_WARN_UNREACHABLE_CODE = YES;
				CLANG_WARN__DUPLICATE_METHOD_MATCH = YES;
				COPY_PHASE_STRIP = NO;
				DEBUG_INFORMATION_FORMAT = dwarf;
				ENABLE_STRICT_OBJC_MSGSEND = YES;
				ENABLE_TESTABILITY = YES;
				GCC_C_LANGUAGE_STANDARD = gnu11;
				GCC_DYNAMIC_NO_PIC = NO;
				GCC_NO_COMMON_BLOCKS = YES;
				GCC_OPTIMIZATION_LEVEL = 0;
				GCC_PREPROCESSOR_DEFINITIONS = (
					"$(inherited)",
					"DEBUG=1",
				);
				GCC_WARN_64_TO_32_BIT_CONVERSION = YES;
				GCC_WARN_ABOUT_RETURN_TYPE = YES_ERROR;
				GCC_WARN_UNDECLARED_SELECTOR = YES;
				GCC_WARN_UNINITIALIZED_AUTOS = YES_AGGRESSIVE;
				GCC_WARN_UNUSED_FUNCTION = YES;
				GCC_WARN_UNUSED_VARIABLE = YES;
				IPHONEOS_DEPLOYMENT_TARGET = 17.0;
				MTL_ENABLE_DEBUG_INFO = INCLUDE_SOURCE;
				MTL_FAST_MATH = YES;
				ONLY_ACTIVE_ARCH = YES;
				PRODUCT_NAME = "$(TARGET_NAME)";
				SDKROOT = iphoneos;
				SWIFT_ACTIVE_COMPILATION_CONDITIONS = DEBUG;
				SWIFT_OPTIMIZATION_LEVEL = "-Onone";
				SWIFT_VERSION = 5.0;
			};
			name = Debug;
		};
		CFF1AE2B63AC44A37A543D00 /* Debug */ = {
			isa = XCBuildConfiguration;
			buildSettings = {
				ASSETCATALOG_COMPILER_APPICON_NAME = AppIcon;
				CODE_SIGN_IDENTITY = "iPhone Developer";
				CODE_SIGN_STYLE = Automatic;
				CURRENT_PROJECT_VERSION = 1;
				DEVELOPMENT_TEAM = 3YB2KJCCHV;
				ENABLE_USER_SCRIPT_SANDBOXING = YES;
				INFOPLIST_FILE = JazzChords/Info.plist;
				IPHONEOS_DEPLOYMENT_TARGET = 17.0;
				LD_RUNPATH_SEARCH_PATHS = (
					"$(inherited)",
					"@executable_path/Frameworks",
				);
				MARKETING_VERSION = 0.1.0;
				PRODUCT_BUNDLE_IDENTIFIER = app.jazzchords.trainer;
				SDKROOT = iphoneos;
				SWIFT_VERSION = 6.0;
				TARGETED_DEVICE_FAMILY = "1,2";
			};
			name = Debug;
		};
/* End XCBuildConfiguration section */

/* Begin XCConfigurationList section */
		B3C4F8DD3A95619ABB488C66 /* Build configuration list for PBXProject "JazzChords" */ = {
			isa = XCConfigurationList;
			buildConfigurations = (
				988AFF2E5F3746A6E451A884 /* Debug */,
				7F92A4F62AF61E1B7F8CDE9E /* Release */,
			);
			defaultConfigurationIsVisible = 0;
			defaultConfigurationName = Debug;
		};
		E620BC6CFAB77F58B62601F5 /* Build configuration list for PBXNativeTarget "JazzChords" */ = {
			isa = XCConfigurationList;
			buildConfigurations = (
				CFF1AE2B63AC44A37A543D00 /* Debug */,
				140060480DA4E7AA7F98B0EA /* Release */,
			);
			defaultConfigurationIsVisible = 0;
			defaultConfigurationName = Debug;
		};
/* End XCConfigurationList section */

/* Begin XCLocalSwiftPackageReference section */
		DC2679E7A1B6F407724C1C95 /* XCLocalSwiftPackageReference "../MusicEngine" */ = {
			isa = XCLocalSwiftPackageReference;
			relativePath = ../MusicEngine;
		};
/* End XCLocalSwiftPackageReference section */

/* Begin XCSwiftPackageProductDependency section */
		4CC84F324CEA516CFA5C2507 /* MusicEngine */ = {
			isa = XCSwiftPackageProductDependency;
			productName = MusicEngine;
		};
/* End XCSwiftPackageProductDependency section */
	};
	rootObject = B73452EA2BD5E8C854D63795 /* Project object */;
}
